# THIS IS AN AUTOGENERATED FILE. DO NOT EDIT THIS FILE DIRECTLY.
# yarn lockfile v1


three@^0.150.1:
  version "0.150.1"
  resolved "https://registry-npm.myscrm.cn/repository/pkg/three/-/three-0.150.1.tgz#870d324a4d2daf1c7d55be97f3f73d83783e28be"
  integrity sha512-5C1MqKUWaHYo13BX0Q64qcdwImgnnjSOFgBscOzAo8MYCzEtqfQqorEKMcajnA3FHy1yVlIe9AmaMQ0OQracNA==
